// !$*UTF8*$!
{
	archiveVersion = 1;
	classes = {
	};
	objectVersion = 56;
	objects = {

/* Begin PBXBuildFile section */
		F41757632BFE29F70009D2C7 /* ConstantsExample in Resources */ = {isa = PBXBuildFile; fileRef = F41757622BFE29F70009D2C7 /* ConstantsExample */; };
		F41E299E2BF7A36D00BFE1DB /* Webservice.swift in Sources */ = {isa = PBXBuildFile; fileRef = F41E299D2BF7A36D00BFE1DB /* Webservice.swift */; };
		F4315A0E2BF8526600EF9854 /* Article.swift in Sources */ = {isa = PBXBuildFile; fileRef = F4315A0D2BF8526600EF9854 /* Article.swift */; };
		F4315A102BF8EEEA00EF9854 /* Constants.swift in Sources */ = {isa = PBXBuildFile; fileRef = F4315A0F2BF8EEEA00EF9854 /* Constants.swift */; };
		F4315A132BF9737E00EF9854 /* ArticleViewModel.swift in Sources */ = {isa = PBXBuildFile; fileRef = F4315A122BF9737E00EF9854 /* ArticleViewModel.swift */; };
		F4315A162BFA45CE00EF9854 /* ArticleTableViewCell.swift in Sources */ = {isa = PBXBuildFile; fileRef = F4315A152BFA45CE00EF9854 /* ArticleTableViewCell.swift */; };
		F47415F12BF66E8F0002FD30 /* AppDelegate.swift in Sources */ = {isa = PBXBuildFile; fileRef = F47415F02BF66E8F0002FD30 /* AppDelegate.swift */; };
		F47415F32BF66E8F0002FD30 /* SceneDelegate.swift in Sources */ = {isa = PBXBuildFile; fileRef = F47415F22BF66E8F0002FD30 /* SceneDelegate.swift */; };
		F47415F82BF66E8F0002FD30 /* Base in Resources */ = {isa = PBXBuildFile; fileRef = F47415F72BF66E8F0002FD30 /* Base */; };
		F47415FA2BF66E910002FD30 /* Assets.xcassets in Resources */ = {isa = PBXBuildFile; fileRef = F47415F92BF66E910002FD30 /* Assets.xcassets */; };
		F47415FD2BF66E910002FD30 /* Base in Resources */ = {isa = PBXBuildFile; fileRef = F47415FC2BF66E910002FD30 /* Base */; };
		F47416082BF66E910002FD30 /* GoodNewsTests.swift in Sources */ = {isa = PBXBuildFile; fileRef = F47416072BF66E910002FD30 /* GoodNewsTests.swift */; };
		F47416122BF66E910002FD30 /* GoodNewsUITests.swift in Sources */ = {isa = PBXBuildFile; fileRef = F47416112BF66E910002FD30 /* GoodNewsUITests.swift */; };
		F47416142BF66E910002FD30 /* GoodNewsUITestsLaunchTests.swift in Sources */ = {isa = PBXBuildFile; fileRef = F47416132BF66E910002FD30 /* GoodNewsUITestsLaunchTests.swift */; };
		F47416222BF66F7D0002FD30 /* NewsListTableViewController.swift in Sources */ = {isa = PBXBuildFile; fileRef = F47416212BF66F7D0002FD30 /* NewsListTableViewController.swift */; };
/* End PBXBuildFile section */

/* Begin PBXContainerItemProxy section */
		F47416042BF66E910002FD30 /* PBXContainerItemProxy */ = {
			isa = PBXContainerItemProxy;
			containerPortal = F47415E52BF66E8F0002FD30 /* Project object */;
			proxyType = 1;
			remoteGlobalIDString = F47415EC2BF66E8F0002FD30;
			remoteInfo = GoodNews;
		};
		F474160E2BF66E910002FD30 /* PBXContainerItemProxy */ = {
			isa = PBXContainerItemProxy;
			containerPortal = F47415E52BF66E8F0002FD30 /* Project object */;
			proxyType = 1;
			remoteGlobalIDString = F47415EC2BF66E8F0002FD30;
			remoteInfo = GoodNews;
		};
/* End PBXContainerItemProxy section */

/* Begin PBXFileReference section */
		F41757622BFE29F70009D2C7 /* ConstantsExample */ = {isa = PBXFileReference; lastKnownFileType = text; path = ConstantsExample; sourceTree = "<group>"; };
		F41757642BFE2CAE0009D2C7 /* README.md */ = {isa = PBXFileReference; lastKnownFileType = net.daringfireball.markdown; path = README.md; sourceTree = "<group>"; };
		F41E299D2BF7A36D00BFE1DB /* Webservice.swift */ = {isa = PBXFileReference; lastKnownFileType = sourcecode.swift; path = Webservice.swift; sourceTree = "<group>"; };
		F4315A0D2BF8526600EF9854 /* Article.swift */ = {isa = PBXFileReference; lastKnownFileType = sourcecode.swift; path = Article.swift; sourceTree = "<group>"; };
		F4315A0F2BF8EEEA00EF9854 /* Constants.swift */ = {isa = PBXFileReference; lastKnownFileType = sourcecode.swift; path = Constants.swift; sourceTree = "<group>"; };
		F4315A122BF9737E00EF9854 /* ArticleViewModel.swift */ = {isa = PBXFileReference; lastKnownFileType = sourcecode.swift; path = ArticleViewModel.swift; sourceTree = "<group>"; };
		F4315A152BFA45CE00EF9854 /* ArticleTableViewCell.swift */ = {isa = PBXFileReference; lastKnownFileType = sourcecode.swift; path = ArticleTableViewCell.swift; sourceTree = "<group>"; };
		F47415ED2BF66E8F0002FD30 /* GoodNews.app */ = {isa = PBXFileReference; explicitFileType = wrapper.application; includeInIndex = 0; path = GoodNews.app; sourceTree = BUILT_PRODUCTS_DIR; };
		F47415F02BF66E8F0002FD30 /* AppDelegate.swift */ = {isa = PBXFileReference; lastKnownFileType = sourcecode.swift; path = AppDelegate.swift; sourceTree = "<group>"; };
		F47415F22BF66E8F0002FD30 /* SceneDelegate.swift */ = {isa = PBXFileReference; lastKnownFileType = sourcecode.swift; path = SceneDelegate.swift; sourceTree = "<group>"; };
		F47415F72BF66E8F0002FD30 /* Base */ = {isa = PBXFileReference; lastKnownFileType = file.storyboard; name = Base; path = Base.lproj/Main.storyboard; sourceTree = "<group>"; };
		F47415F92BF66E910002FD30 /* Assets.xcassets */ = {isa = PBXFileReference; lastKnownFileType = folder.assetcatalog; path = Assets.xcassets; sourceTree = "<group>"; };
		F47415FC2BF66E910002FD30 /* Base */ = {isa = PBXFileReference; lastKnownFileType = file.storyboard; name = Base; path = Base.lproj/LaunchScreen.storyboard; sourceTree = "<group>"; };
		F47415FE2BF66E910002FD30 /* Info.plist */ = {isa = PBXFileReference; lastKnownFileType = text.plist.xml; path = Info.plist; sourceTree = "<group>"; };
		F47416032BF66E910002FD30 /* GoodNewsTests.xctest */ = {isa = PBXFileReference; explicitFileType = wrapper.cfbundle; includeInIndex = 0; path = GoodNewsTests.xctest; sourceTree = BUILT_PRODUCTS_DIR; };
		F47416072BF66E910002FD30 /* GoodNewsTests.swift */ = {isa = PBXFileReference; lastKnownFileType = sourcecode.swift; path = GoodNewsTests.swift; sourceTree = "<group>"; };
		F474160D2BF66E910002FD30 /* GoodNewsUITests.xctest */ = {isa = PBXFileReference; explicitFileType = wrapper.cfbundle; includeInIndex = 0; path = GoodNewsUITests.xctest; sourceTree = BUILT_PRODUCTS_DIR; };
		F47416112BF66E910002FD30 /* GoodNewsUITests.swift */ = {isa = PBXFileReference; lastKnownFileType = sourcecode.swift; path = GoodNewsUITests.swift; sourceTree = "<group>"; };
		F47416132BF66E910002FD30 /* GoodNewsUITestsLaunchTests.swift */ = {isa = PBXFileReference; lastKnownFileType = sourcecode.swift; path = GoodNewsUITestsLaunchTests.swift; sourceTree = "<group>"; };
		F47416212BF66F7D0002FD30 /* NewsListTableViewController.swift */ = {isa = PBXFileReference; lastKnownFileType = sourcecode.swift; path = NewsListTableViewController.swift; sourceTree = "<group>"; };
/* End PBXFileReference section */

/* Begin PBXFrameworksBuildPhase section */
		F47415EA2BF66E8F0002FD30 /* Frameworks */ = {
			isa = PBXFrameworksBuildPhase;
			buildActionMask = 2147483647;
			files = (
			);
			runOnlyForDeploymentPostprocessing = 0;
		};
		F47416002BF66E910002FD30 /* Frameworks */ = {
			isa = PBXFrameworksBuildPhase;
			buildActionMask = 2147483647;
			files = (
			);
			runOnlyForDeploymentPostprocessing = 0;
		};
		F474160A2BF66E910002FD30 /* Frameworks */ = {
			isa = PBXFrameworksBuildPhase;
			buildActionMask = 2147483647;
			files = (
			);
			runOnlyForDeploymentPostprocessing = 0;
		};
/* End PBXFrameworksBuildPhase section */

/* Begin PBXGroup section */
		F41E299C2BF7A35800BFE1DB /* Services */ = {
			isa = PBXGroup;
			children = (
				F41E299D2BF7A36D00BFE1DB /* Webservice.swift */,
				F4315A0F2BF8EEEA00EF9854 /* Constants.swift */,
				F41757622BFE29F70009D2C7 /* ConstantsExample */,
			);
			path = Services;
			sourceTree = "<group>";
		};
		F4315A0C2BF8525800EF9854 /* Models */ = {
			isa = PBXGroup;
			children = (
				F4315A0D2BF8526600EF9854 /* Article.swift */,
			);
			path = Models;
			sourceTree = "<group>";
		};
		F4315A112BF9736E00EF9854 /* ViewModels */ = {
			isa = PBXGroup;
			children = (
				F4315A122BF9737E00EF9854 /* ArticleViewModel.swift */,
			);
			path = ViewModels;
			sourceTree = "<group>";
		};
		F4315A142BFA45B200EF9854 /* Cells */ = {
			isa = PBXGroup;
			children = (
				F4315A152BFA45CE00EF9854 /* ArticleTableViewCell.swift */,
			);
			path = Cells;
			sourceTree = "<group>";
		};
		F47415E42BF66E8F0002FD30 = {
			isa = PBXGroup;
			children = (
				F41757642BFE2CAE0009D2C7 /* README.md */,
				F47415EF2BF66E8F0002FD30 /* GoodNews */,
				F47416062BF66E910002FD30 /* GoodNewsTests */,
				F47416102BF66E910002FD30 /* GoodNewsUITests */,
				F47415EE2BF66E8F0002FD30 /* Products */,
			);
			sourceTree = "<group>";
		};
		F47415EE2BF66E8F0002FD30 /* Products */ = {
			isa = PBXGroup;
			children = (
				F47415ED2BF66E8F0002FD30 /* GoodNews.app */,
				F47416032BF66E910002FD30 /* GoodNewsTests.xctest */,
				F474160D2BF66E910002FD30 /* GoodNewsUITests.xctest */,
			);
			name = Products;
			sourceTree = "<group>";
		};
		F47415EF2BF66E8F0002FD30 /* GoodNews */ = {
			isa = PBXGroup;
			children = (
				F4315A142BFA45B200EF9854 /* Cells */,
				F4315A112BF9736E00EF9854 /* ViewModels */,
				F4315A0C2BF8525800EF9854 /* Models */,
				F41E299C2BF7A35800BFE1DB /* Services */,
				F47416202BF66F640002FD30 /* Controllers */,
				F47415F02BF66E8F0002FD30 /* AppDelegate.swift */,
				F47415F22BF66E8F0002FD30 /* SceneDelegate.swift */,
				F47415F62BF66E8F0002FD30 /* Main.storyboard */,
				F47415F92BF66E910002FD30 /* Assets.xcassets */,
				F47415FB2BF66E910002FD30 /* LaunchScreen.storyboard */,
				F47415FE2BF66E910002FD30 /* Info.plist */,
			);
			path = GoodNews;
			sourceTree = "<group>";
		};
		F47416062BF66E910002FD30 /* GoodNewsTests */ = {
			isa = PBXGroup;
			children = (
				F47416072BF66E910002FD30 /* GoodNewsTests.swift */,
			);
			path = GoodNewsTests;
			sourceTree = "<group>";
		};
		F47416102BF66E910002FD30 /* GoodNewsUITests */ = {
			isa = PBXGroup;
			children = (
				F47416112BF66E910002FD30 /* GoodNewsUITests.swift */,
				F47416132BF66E910002FD30 /* GoodNewsUITestsLaunchTests.swift */,
			);
			path = GoodNewsUITests;
			sourceTree = "<group>";
		};
		F47416202BF66F640002FD30 /* Controllers */ = {
			isa = PBXGroup;
			children = (
				F47416212BF66F7D0002FD30 /* NewsListTableViewController.swift */,
			);
			path = Controllers;
			sourceTree = "<group>";
		};
/* End PBXGroup section */

/* Begin PBXNativeTarget section */
		F47415EC2BF66E8F0002FD30 /* GoodNews */ = {
			isa = PBXNativeTarget;
			buildConfigurationList = F47416172BF66E910002FD30 /* Build configuration list for PBXNativeTarget "GoodNews" */;
			buildPhases = (
				F47415E92BF66E8F0002FD30 /* Sources */,
				F47415EA2BF66E8F0002FD30 /* Frameworks */,
				F47415EB2BF66E8F0002FD30 /* Resources */,
			);
			buildRules = (
			);
			dependencies = (
			);
			name = GoodNews;
			productName = GoodNews;
			productReference = F47415ED2BF66E8F0002FD30 /* GoodNews.app */;
			productType = "com.apple.product-type.application";
		};
		F47416022BF66E910002FD30 /* GoodNewsTests */ = {
			isa = PBXNativeTarget;
			buildConfigurationList = F474161A2BF66E910002FD30 /* Build configuration list for PBXNativeTarget "GoodNewsTests" */;
			buildPhases = (
				F47415FF2BF66E910002FD30 /* Sources */,
				F47416002BF66E910002FD30 /* Frameworks */,
				F47416012BF66E910002FD30 /* Resources */,
			);
			buildRules = (
			);
			dependencies = (
				F47416052BF66E910002FD30 /* PBXTargetDependency */,
			);
			name = GoodNewsTests;
			productName = GoodNewsTests;
			productReference = F47416032BF66E910002FD30 /* GoodNewsTests.xctest */;
			productType = "com.apple.product-type.bundle.unit-test";
		};
		F474160C2BF66E910002FD30 /* GoodNewsUITests */ = {
			isa = PBXNativeTarget;
			buildConfigurationList = F474161D2BF66E910002FD30 /* Build configuration list for PBXNativeTarget "GoodNewsUITests" */;
			buildPhases = (
				F47416092BF66E910002FD30 /* Sources */,
				F474160A2BF66E910002FD30 /* Frameworks */,
				F474160B2BF66E910002FD30 /* Resources */,
			);
			buildRules = (
			);
			dependencies = (
				F474160F2BF66E910002FD30 /* PBXTargetDependency */,
			);
			name = GoodNewsUITests;
			productName = GoodNewsUITests;
			productReference = F474160D2BF66E910002FD30 /* GoodNewsUITests.xctest */;
			productType = "com.apple.product-type.bundle.ui-testing";
		};
/* End PBXNativeTarget section */

/* Begin PBXProject section */
		F47415E52BF66E8F0002FD30 /* Project object */ = {
			isa = PBXProject;
			attributes = {
				BuildIndependentTargetsInParallel = 1;
				LastSwiftUpdateCheck = 1530;
				LastUpgradeCheck = 1530;
				TargetAttributes = {
					F47415EC2BF66E8F0002FD30 = {
						CreatedOnToolsVersion = 15.3;
					};
					F47416022BF66E910002FD30 = {
						CreatedOnToolsVersion = 15.3;
						TestTargetID = F47415EC2BF66E8F0002FD30;
					};
					F474160C2BF66E910002FD30 = {
						CreatedOnToolsVersion = 15.3;
						TestTargetID = F47415EC2BF66E8F0002FD30;
					};
				};
			};
			buildConfigurationList = F47415E82BF66E8F0002FD30 /* Build configuration list for PBXProject "GoodNews" */;
			compatibilityVersion = "Xcode 14.0";
			developmentRegion = en;
			hasScannedForEncodings = 0;
			knownRegions = (
				en,
				Base,
			);
			mainGroup = F47415E42BF66E8F0002FD30;
			productRefGroup = F47415EE2BF66E8F0002FD30 /* Products */;
			projectDirPath = "";
			projectRoot = "";
			targets = (
				F47415EC2BF66E8F0002FD30 /* GoodNews */,
				F47416022BF66E910002FD30 /* GoodNewsTests */,
				F474160C2BF66E910002FD30 /* GoodNewsUITests */,
			);
		};
/* End PBXProject section */

/* Begin PBXResourcesBuildPhase section */
		F47415EB2BF66E8F0002FD30 /* Resources */ = {
			isa = PBXResourcesBuildPhase;
			buildActionMask = 2147483647;
			files = (
				F47415FA2BF66E910002FD30 /* Assets.xcassets in Resources */,
				F41757632BFE29F70009D2C7 /* ConstantsExample in Resources */,
				F47415FD2BF66E910002FD30 /* Base in Resources */,
				F47415F82BF66E8F0002FD30 /* Base in Resources */,
			);
			runOnlyForDeploymentPostprocessing = 0;
		};
		F47416012BF66E910002FD30 /* Resources */ = {
			isa = PBXResourcesBuildPhase;
			buildActionMask = 2147483647;
			files = (
			);
			runOnlyForDeploymentPostprocessing = 0;
		};
		F474160B2BF66E910002FD30 /* Resources */ = {
			isa = PBXResourcesBuildPhase;
			buildActionMask = 2147483647;
			files = (
			);
			runOnlyForDeploymentPostprocessing = 0;
		};
/* End PBXResourcesBuildPhase section */

/* Begin PBXSourcesBuildPhase section */
		F47415E92BF66E8F0002FD30 /* Sources */ = {
			isa = PBXSourcesBuildPhase;
			buildActionMask = 2147483647;
			files = (
				F47415F12BF66E8F0002FD30 /* AppDelegate.swift in Sources */,
				F47416222BF66F7D0002FD30 /* NewsListTableViewController.swift in Sources */,
				F41E299E2BF7A36D00BFE1DB /* Webservice.swift in Sources */,
				F47415F32BF66E8F0002FD30 /* SceneDelegate.swift in Sources */,
				F4315A162BFA45CE00EF9854 /* ArticleTableViewCell.swift in Sources */,
				F4315A0E2BF8526600EF9854 /* Article.swift in Sources */,
				F4315A132BF9737E00EF9854 /* ArticleViewModel.swift in Sources */,
				F4315A102BF8EEEA00EF9854 /* Constants.swift in Sources */,
			);
			runOnlyForDeploymentPostprocessing = 0;
		};
		F47415FF2BF66E910002FD30 /* Sources */ = {
			isa = PBXSourcesBuildPhase;
			buildActionMask = 2147483647;
			files = (
				F47416082BF66E910002FD30 /* GoodNewsTests.swift in Sources */,
			);
			runOnlyForDeploymentPostprocessing = 0;
		};
		F47416092BF66E910002FD30 /* Sources */ = {
			isa = PBXSourcesBuildPhase;
			buildActionMask = 2147483647;
			files = (
				F47416142BF66E910002FD30 /* GoodNewsUITestsLaunchTests.swift in Sources */,
				F47416122BF66E910002FD30 /* GoodNewsUITests.swift in Sources */,
			);
			runOnlyForDeploymentPostprocessing = 0;
		};
/* End PBXSourcesBuildPhase section */

/* Begin PBXTargetDependency section */
		F47416052BF66E910002FD30 /* PBXTargetDependency */ = {
			isa = PBXTargetDependency;
			target = F47415EC2BF66E8F0002FD30 /* GoodNews */;
			targetProxy = F47416042BF66E910002FD30 /* PBXContainerItemProxy */;
		};
		F474160F2BF66E910002FD30 /* PBXTargetDependency */ = {
			isa = PBXTargetDependency;
			target = F47415EC2BF66E8F0002FD30 /* GoodNews */;
			targetProxy = F474160E2BF66E910002FD30 /* PBXContainerItemProxy */;
		};
/* End PBXTargetDependency section */

/* Begin PBXVariantGroup section */
		F47415F62BF66E8F0002FD30 /* Main.storyboard */ = {
			isa = PBXVariantGroup;
			children = (
				F47415F72BF66E8F0002FD30 /* Base */,
			);
			name = Main.storyboard;
			sourceTree = "<group>";
		};
		F47415FB2BF66E910002FD30 /* LaunchScreen.storyboard */ = {
			isa = PBXVariantGroup;
			children = (
				F47415FC2BF66E910002FD30 /* Base */,
			);
			name = LaunchScreen.storyboard;
			sourceTree = "<group>";
		};
/* End PBXVariantGroup section */

/* Begin XCBuildConfiguration section */
		F47416152BF66E910002FD30 /* Debug */ = {
			isa = XCBuildConfiguration;
			buildSettings = {
				ALWAYS_SEARCH_USER_PATHS = NO;
				ASSETCATALOG_COMPILER_GENERATE_SWIFT_ASSET_SYMBOL_EXTENSIONS = YES;
				CLANG_ANALYZER_NONNULL = YES;
				CLANG_ANALYZER_NUMBER_OBJECT_CONVERSION = YES_AGGRESSIVE;
				CLANG_CXX_LANGUAGE_STANDARD = "gnu++20";
				CLANG_ENABLE_MODULES = YES;
				CLANG_ENABLE_OBJC_ARC = YES;
				CLANG_ENABLE_OBJC_WEAK = YES;
				CLANG_WARN_BLOCK_CAPTURE_AUTORELEASING = YES;
				CLANG_WARN_BOOL_CONVERSION = YES;
				CLANG_WARN_COMMA = YES;
				CLANG_WARN_CONSTANT_CONVERSION = YES;
				CLANG_WARN_DEPRECATED_OBJC_IMPLEMENTATIONS = YES;
				CLANG_WARN_DIRECT_OBJC_ISA_USAGE = YES_ERROR;
				CLANG_WARN_DOCUMENTATION_COMMENTS = YES;
				CLANG_WARN_EMPTY_BODY = YES;
				CLANG_WARN_ENUM_CONVERSION = YES;
				CLANG_WARN_INFINITE_RECURSION = YES;
				CLANG_WARN_INT_CONVERSION = YES;
				CLANG_WARN_NON_LITERAL_NULL_CONVERSION = YES;
				CLANG_WARN_OBJC_IMPLICIT_RETAIN_SELF = YES;
				CLANG_WARN_OBJC_LITERAL_CONVERSION = YES;
				CLANG_WARN_OBJC_ROOT_CLASS = YES_ERROR;
				CLANG_WARN_QUOTED_INCLUDE_IN_FRAMEWORK_HEADER = YES;
				CLANG_WARN_RANGE_LOOP_ANALYSIS = YES;
				CLANG_WARN_STRICT_PROTOTYPES = YES;
				CLANG_WARN_SUSPICIOUS_MOVE = YES;
				CLANG_WARN_UNGUARDED_AVAILABILITY = YES_AGGRESSIVE;
				CLANG_WARN_UNREACHABLE_CODE = YES;
				CLANG_WARN__DUPLICATE_METHOD_MATCH = YES;
				COPY_PHASE_STRIP = NO;
				DEBUG_INFORMATION_FORMAT = dwarf;
				ENABLE_STRICT_OBJC_MSGSEND = YES;
				ENABLE_TESTABILITY = YES;
				ENABLE_USER_SCRIPT_SANDBOXING = YES;
				GCC_C_LANGUAGE_STANDARD = gnu17;
				GCC_DYNAMIC_NO_PIC = NO;
				GCC_NO_COMMON_BLOCKS = YES;
				GCC_OPTIMIZATION_LEVEL = 0;
				GCC_PREPROCESSOR_DEFINITIONS = (
					"DEBUG=1",
					"$(inherited)",
				);
				GCC_WARN_64_TO_32_BIT_CONVERSION = YES;
				GCC_WARN_ABOUT_RETURN_TYPE = YES_ERROR;
				GCC_WARN_UNDECLARED_SELECTOR = YES;
				GCC_WARN_UNINITIALIZED_AUTOS = YES_AGGRESSIVE;
				GCC_WARN_UNUSED_FUNCTION = YES;
				GCC_WARN_UNUSED_VARIABLE = YES;
				IPHONEOS_DEPLOYMENT_TARGET = 17.4;
				LOCALIZATION_PREFERS_STRING_CATALOGS = YES;
				MTL_ENABLE_DEBUG_INFO = INCLUDE_SOURCE;
				MTL_FAST_MATH = YES;
				ONLY_ACTIVE_ARCH = YES;
				SDKROOT = iphoneos;
				SWIFT_ACTIVE_COMPILATION_CONDITIONS = "DEBUG $(inherited)";
				SWIFT_OPTIMIZATION_LEVEL = "-Onone";
			};
			name = Debug;
		};
		F47416162BF66E910002FD30 /* Release */ = {
			isa = XCBuildConfiguration;
			buildSettings = {
				ALWAYS_SEARCH_USER_PATHS = NO;
				ASSETCATALOG_COMPILER_GENERATE_SWIFT_ASSET_SYMBOL_EXTENSIONS = YES;
				CLANG_ANALYZER_NONNULL = YES;
				CLANG_ANALYZER_NUMBER_OBJECT_CONVERSION = YES_AGGRESSIVE;
				CLANG_CXX_LANGUAGE_STANDARD = "gnu++20";
				CLANG_ENABLE_MODULES = YES;
				CLANG_ENABLE_OBJC_ARC = YES;
				CLANG_ENABLE_OBJC_WEAK = YES;
				CLANG_WARN_BLOCK_CAPTURE_AUTORELEASING = YES;
				CLANG_WARN_BOOL_CONVERSION = YES;
				CLANG_WARN_COMMA = YES;
				CLANG_WARN_CONSTANT_CONVERSION = YES;
				CLANG_WARN_DEPRECATED_OBJC_IMPLEMENTATIONS = YES;
				CLANG_WARN_DIRECT_OBJC_ISA_USAGE = YES_ERROR;
				CLANG_WARN_DOCUMENTATION_COMMENTS = YES;
				CLANG_WARN_EMPTY_BODY = YES;
				CLANG_WARN_ENUM_CONVERSION = YES;
				CLANG_WARN_INFINITE_RECURSION = YES;
				CLANG_WARN_INT_CONVERSION = YES;
				CLANG_WARN_NON_LITERAL_NULL_CONVERSION = YES;
				CLANG_WARN_OBJC_IMPLICIT_RETAIN_SELF = YES;
				CLANG_WARN_OBJC_LITERAL_CONVERSION = YES;
				CLANG_WARN_OBJC_ROOT_CLASS = YES_ERROR;
				CLANG_WARN_QUOTED_INCLUDE_IN_FRAMEWORK_HEADER = YES;
				CLANG_WARN_RANGE_LOOP_ANALYSIS = YES;
				CLANG_WARN_STRICT_PROTOTYPES = YES;
				CLANG_WARN_SUSPICIOUS_MOVE = YES;
				CLANG_WARN_UNGUARDED_AVAILABILITY = YES_AGGRESSIVE;
				CLANG_WARN_UNREACHABLE_CODE = YES;
				CLANG_WARN__DUPLICATE_METHOD_MATCH = YES;
				COPY_PHASE_STRIP = NO;
				DEBUG_INFORMATION_FORMAT = "dwarf-with-dsym";
				ENABLE_NS_ASSERTIONS = NO;
				ENABLE_STRICT_OBJC_MSGSEND = YES;
				ENABLE_USER_SCRIPT_SANDBOXING = YES;
				GCC_C_LANGUAGE_STANDARD = gnu17;
				GCC_NO_COMMON_BLOCKS = YES;
				GCC_WARN_64_TO_32_BIT_CONVERSION = YES;
				GCC_WARN_ABOUT_RETURN_TYPE = YES_ERROR;
				GCC_WARN_UNDECLARED_SELECTOR = YES;
				GCC_WARN_UNINITIALIZED_AUTOS = YES_AGGRESSIVE;
				GCC_WARN_UNUSED_FUNCTION = YES;
				GCC_WARN_UNUSED_VARIABLE = YES;
				IPHONEOS_DEPLOYMENT_TARGET = 17.4;
				LOCALIZATION_PREFERS_STRING_CATALOGS = YES;
				MTL_ENABLE_DEBUG_INFO = NO;
				MTL_FAST_MATH = YES;
				SDKROOT = iphoneos;
				SWIFT_COMPILATION_MODE = wholemodule;
				VALIDATE_PRODUCT = YES;
			};
			name = Release;
		};
		F47416182BF66E910002FD30 /* Debug */ = {
			isa = XCBuildConfiguration;
			buildSettings = {
				ASSETCATALOG_COMPILER_APPICON_NAME = AppIcon;
				ASSETCATALOG_COMPILER_GLOBAL_ACCENT_COLOR_NAME = AccentColor;
				CODE_SIGN_STYLE = Automatic;
				CURRENT_PROJECT_VERSION = 1;
				GENERATE_INFOPLIST_FILE = YES;
				INFOPLIST_FILE = GoodNews/Info.plist;
				INFOPLIST_KEY_UIApplicationSupportsIndirectInputEvents = YES;
				INFOPLIST_KEY_UILaunchStoryboardName = LaunchScreen;
				INFOPLIST_KEY_UIMainStoryboardFile = Main;
				INFOPLIST_KEY_UIStatusBarStyle = UIStatusBarStyleLightContent;
				INFOPLIST_KEY_UISupportedInterfaceOrientations_iPad = "UIInterfaceOrientationPortrait UIInterfaceOrientationPortraitUpsideDown UIInterfaceOrientationLandscapeLeft UIInterfaceOrientationLandscapeRight";
				INFOPLIST_KEY_UISupportedInterfaceOrientations_iPhone = "UIInterfaceOrientationPortrait UIInterfaceOrientationLandscapeLeft UIInterfaceOrientationLandscapeRight";
				LD_RUNPATH_SEARCH_PATHS = (
					"$(inherited)",
					"@executable_path/Frameworks",
				);
				MARKETING_VERSION = 1.0;
				PRODUCT_BUNDLE_IDENTIFIER = julio.GoodNews;
				PRODUCT_NAME = "$(TARGET_NAME)";
				SWIFT_EMIT_LOC_STRINGS = YES;
				SWIFT_VERSION = 5.0;
				TARGETED_DEVICE_FAMILY = "1,2";
			};
			name = Debug;
		};
		F47416192BF66E910002FD30 /* Release */ = {
			isa = XCBuildConfiguration;
			buildSettings = {
				ASSETCATALOG_COMPILER_APPICON_NAME = AppIcon;
				ASSETCATALOG_COMPILER_GLOBAL_ACCENT_COLOR_NAME = AccentColor;
				CODE_SIGN_STYLE = Automatic;
				CURRENT_PROJECT_VERSION = 1;
				GENERATE_INFOPLIST_FILE = YES;
				INFOPLIST_FILE = GoodNews/Info.plist;
				INFOPLIST_KEY_UIApplicationSupportsIndirectInputEvents = YES;
				INFOPLIST_KEY_UILaunchStoryboardName = LaunchScreen;
				INFOPLIST_KEY_UIMainStoryboardFile = Main;
				INFOPLIST_KEY_UIStatusBarStyle = UIStatusBarStyleLightContent;
				INFOPLIST_KEY_UISupportedInterfaceOrientations_iPad = "UIInterfaceOrientationPortrait UIInterfaceOrientationPortraitUpsideDown UIInterfaceOrientationLandscapeLeft UIInterfaceOrientationLandscapeRight";
				INFOPLIST_KEY_UISupportedInterfaceOrientations_iPhone = "UIInterfaceOrientationPortrait UIInterfaceOrientationLandscapeLeft UIInterfaceOrientationLandscapeRight";
				LD_RUNPATH_SEARCH_PATHS = (
					"$(inherited)",
					"@executable_path/Frameworks",
				);
				MARKETING_VERSION = 1.0;
				PRODUCT_BUNDLE_IDENTIFIER = julio.GoodNews;
				PRODUCT_NAME = "$(TARGET_NAME)";
				SWIFT_EMIT_LOC_STRINGS = YES;
				SWIFT_VERSION = 5.0;
				TARGETED_DEVICE_FAMILY = "1,2";
			};
			name = Release;
		};
		F474161B2BF66E910002FD30 /* Debug */ = {
			isa = XCBuildConfiguration;
			buildSettings = {
				ALWAYS_EMBED_SWIFT_STANDARD_LIBRARIES = YES;
				BUNDLE_LOADER = "$(TEST_HOST)";
				CODE_SIGN_STYLE = Automatic;
				CURRENT_PROJECT_VERSION = 1;
				GENERATE_INFOPLIST_FILE = YES;
				IPHONEOS_DEPLOYMENT_TARGET = 17.4;
				MARKETING_VERSION = 1.0;
				PRODUCT_BUNDLE_IDENTIFIER = julio.GoodNewsTests;
				PRODUCT_NAME = "$(TARGET_NAME)";
				SWIFT_EMIT_LOC_STRINGS = NO;
				SWIFT_VERSION = 5.0;
				TARGETED_DEVICE_FAMILY = "1,2";
				TEST_HOST = "$(BUILT_PRODUCTS_DIR)/GoodNews.app/$(BUNDLE_EXECUTABLE_FOLDER_PATH)/GoodNews";
			};
			name = Debug;
		};
		F474161C2BF66E910002FD30 /* Release */ = {
			isa = XCBuildConfiguration;
			buildSettings = {
				ALWAYS_EMBED_SWIFT_STANDARD_LIBRARIES = YES;
				BUNDLE_LOADER = "$(TEST_HOST)";
				CODE_SIGN_STYLE = Automatic;
				CURRENT_PROJECT_VERSION = 1;
				GENERATE_INFOPLIST_FILE = YES;
				IPHONEOS_DEPLOYMENT_TARGET = 17.4;
				MARKETING_VERSION = 1.0;
				PRODUCT_BUNDLE_IDENTIFIER = julio.GoodNewsTests;
				PRODUCT_NAME = "$(TARGET_NAME)";
				SWIFT_EMIT_LOC_STRINGS = NO;
				SWIFT_VERSION = 5.0;
				TARGETED_DEVICE_FAMILY = "1,2";
				TEST_HOST = "$(BUILT_PRODUCTS_DIR)/GoodNews.app/$(BUNDLE_EXECUTABLE_FOLDER_PATH)/GoodNews";
			};
			name = Release;
		};
		F474161E2BF66E910002FD30 /* Debug */ = {
			isa = XCBuildConfiguration;
			buildSettings = {
				ALWAYS_EMBED_SWIFT_STANDARD_LIBRARIES = YES;
				CODE_SIGN_STYLE = Automatic;
				CURRENT_PROJECT_VERSION = 1;
				GENERATE_INFOPLIST_FILE = YES;
				MARKETING_VERSION = 1.0;
				PRODUCT_BUNDLE_IDENTIFIER = julio.GoodNewsUITests;
				PRODUCT_NAME = "$(TARGET_NAME)";
				SWIFT_EMIT_LOC_STRINGS = NO;
				SWIFT_VERSION = 5.0;
				TARGETED_DEVICE_FAMILY = "1,2";
				TEST_TARGET_NAME = GoodNews;
			};
			name = Debug;
		};
		F474161F2BF66E910002FD30 /* Release */ = {
			isa = XCBuildConfiguration;
			buildSettings = {
				ALWAYS_EMBED_SWIFT_STANDARD_LIBRARIES = YES;
				CODE_SIGN_STYLE = Automatic;
				CURRENT_PROJECT_VERSION = 1;
				GENERATE_INFOPLIST_FILE = YES;
				MARKETING_VERSION = 1.0;
				PRODUCT_BUNDLE_IDENTIFIER = julio.GoodNewsUITests;
				PRODUCT_NAME = "$(TARGET_NAME)";
				SWIFT_EMIT_LOC_STRINGS = NO;
				SWIFT_VERSION = 5.0;
				TARGETED_DEVICE_FAMILY = "1,2";
				TEST_TARGET_NAME = GoodNews;
			};
			name = Release;
		};
/* End XCBuildConfiguration section */

/* Begin XCConfigurationList section */
		F47415E82BF66E8F0002FD30 /* Build configuration list for PBXProject "GoodNews" */ = {
			isa = XCConfigurationList;
			buildConfigurations = (
				F47416152BF66E910002FD30 /* Debug */,
				F47416162BF66E910002FD30 /* Release */,
			);
			defaultConfigurationIsVisible = 0;
			defaultConfigurationName = Release;
		};
		F47416172BF66E910002FD30 /* Build configuration list for PBXNativeTarget "GoodNews" */ = {
			isa = XCConfigurationList;
			buildConfigurations = (
				F47416182BF66E910002FD30 /* Debug */,
				F47416192BF66E910002FD30 /* Release */,
			);
			defaultConfigurationIsVisible = 0;
			defaultConfigurationName = Release;
		};
		F474161A2BF66E910002FD30 /* Build configuration list for PBXNativeTarget "GoodNewsTests" */ = {
			isa = XCConfigurationList;
			buildConfigurations = (
				F474161B2BF66E910002FD30 /* Debug */,
				F474161C2BF66E910002FD30 /* Release */,
			);
			defaultConfigurationIsVisible = 0;
			defaultConfigurationName = Release;
		};
		F474161D2BF66E910002FD30 /* Build configuration list for PBXNativeTarget "GoodNewsUITests" */ = {
			isa = XCConfigurationList;
			buildConfigurations = (
				F474161E2BF66E910002FD30 /* Debug */,
				F474161F2BF66E910002FD30 /* Release */,
			);
			defaultConfigurationIsVisible = 0;
			defaultConfigurationName = Release;
		};
/* End XCConfigurationList section */
	};
	rootObject = F47415E52BF66E8F0002FD30 /* Project object */;
}
